// !$*UTF8*$!
{
	archiveVersion = 1;
	classes = {
	};
	objectVersion = 56;
	objects = {

/* Begin PBXBuildFile section */
		2614694B2C19317200AE6315 /* RainyAndSnowyBackground.swift in Sources */ = {isa = PBXBuildFile; fileRef = 2614694A2C19317200AE6315 /* RainyAndSnowyBackground.swift */; };
		2614694F2C19321500AE6315 /* RainAndSnowAnimations.swift in Sources */ = {isa = PBXBuildFile; fileRef = 2614694E2C19321500AE6315 /* RainAndSnowAnimations.swift */; };
		261469512C19323C00AE6315 /* CloudsAnimation.swift in Sources */ = {isa = PBXBuildFile; fileRef = 261469502C19323C00AE6315 /* CloudsAnimation.swift */; };
		261469532C19331100AE6315 /* SnowFall.sks in Resources */ = {isa = PBXBuildFile; fileRef = 261469522C19331000AE6315 /* SnowFall.sks */; };
		262148092C1918F20040E546 /* RainFall.sks in Resources */ = {isa = PBXBuildFile; fileRef = 262148072C1918F20040E546 /* RainFall.sks */; };
		262148142C191EB10040E546 /* CloudsLarge.sks in Resources */ = {isa = PBXBuildFile; fileRef = 262148132C191EB10040E546 /* CloudsLarge.sks */; };
		262148162C1924360040E546 /* CloudsMini.sks in Resources */ = {isa = PBXBuildFile; fileRef = 262148152C1924360040E546 /* CloudsMini.sks */; };
		262148192C192B890040E546 /* AdaptiveImage.swift in Sources */ = {isa = PBXBuildFile; fileRef = 262148182C192B890040E546 /* AdaptiveImage.swift */; };
		B209C6A12C18E93A003C53D3 /* HW37_Tsvimify_CollaborationApp.swift in Sources */ = {isa = PBXBuildFile; fileRef = B209C6A02C18E93A003C53D3 /* HW37_Tsvimify_CollaborationApp.swift */; };
		B209C6A32C18E93A003C53D3 /* WeatherViewController.swift in Sources */ = {isa = PBXBuildFile; fileRef = B209C6A22C18E93A003C53D3 /* WeatherViewController.swift */; };
		B209C6A52C18E93D003C53D3 /* Assets.xcassets in Resources */ = {isa = PBXBuildFile; fileRef = B209C6A42C18E93D003C53D3 /* Assets.xcassets */; };
		B209C6A82C18E93D003C53D3 /* Preview Assets.xcassets in Resources */ = {isa = PBXBuildFile; fileRef = B209C6A72C18E93D003C53D3 /* Preview Assets.xcassets */; };
		B209C6B12C18ED27003C53D3 /* WeatherViewModel.swift in Sources */ = {isa = PBXBuildFile; fileRef = B209C6B02C18ED27003C53D3 /* WeatherViewModel.swift */; };
		B209C6B42C18F047003C53D3 /* LocationAddViewController.swift in Sources */ = {isa = PBXBuildFile; fileRef = B209C6B32C18F047003C53D3 /* LocationAddViewController.swift */; };
		B209C6B62C18F059003C53D3 /* LocationAddViewModel.swift in Sources */ = {isa = PBXBuildFile; fileRef = B209C6B52C18F059003C53D3 /* LocationAddViewModel.swift */; };
		B209C6B92C18F25D003C53D3 /* LocationsModel.swift in Sources */ = {isa = PBXBuildFile; fileRef = B209C6B82C18F25D003C53D3 /* LocationsModel.swift */; };
		B209C6BE2C18F2D0003C53D3 /* NetworkPackage in Frameworks */ = {isa = PBXBuildFile; productRef = B209C6BD2C18F2D0003C53D3 /* NetworkPackage */; };
		B209C6C12C19118C003C53D3 /* CurrentWeatherModel.swift in Sources */ = {isa = PBXBuildFile; fileRef = B209C6C02C19118C003C53D3 /* CurrentWeatherModel.swift */; };
/* End PBXBuildFile section */

/* Begin PBXFileReference section */
		2614694A2C19317200AE6315 /* RainyAndSnowyBackground.swift */ = {isa = PBXFileReference; lastKnownFileType = sourcecode.swift; path = RainyAndSnowyBackground.swift; sourceTree = "<group>"; };
		2614694E2C19321500AE6315 /* RainAndSnowAnimations.swift */ = {isa = PBXFileReference; lastKnownFileType = sourcecode.swift; path = RainAndSnowAnimations.swift; sourceTree = "<group>"; };
		261469502C19323C00AE6315 /* CloudsAnimation.swift */ = {isa = PBXFileReference; lastKnownFileType = sourcecode.swift; path = CloudsAnimation.swift; sourceTree = "<group>"; };
		261469522C19331000AE6315 /* SnowFall.sks */ = {isa = PBXFileReference; lastKnownFileType = file.sks; path = SnowFall.sks; sourceTree = "<group>"; };
		262148072C1918F20040E546 /* RainFall.sks */ = {isa = PBXFileReference; lastKnownFileType = file.sks; path = RainFall.sks; sourceTree = "<group>"; };
		262148132C191EB10040E546 /* CloudsLarge.sks */ = {isa = PBXFileReference; lastKnownFileType = file.sks; path = CloudsLarge.sks; sourceTree = "<group>"; };
		262148152C1924360040E546 /* CloudsMini.sks */ = {isa = PBXFileReference; lastKnownFileType = file.sks; path = CloudsMini.sks; sourceTree = "<group>"; };
		262148182C192B890040E546 /* AdaptiveImage.swift */ = {isa = PBXFileReference; lastKnownFileType = sourcecode.swift; path = AdaptiveImage.swift; sourceTree = "<group>"; };
		B209C69D2C18E93A003C53D3 /* HW37-Tsvimify-Collaboration.app */ = {isa = PBXFileReference; explicitFileType = wrapper.application; includeInIndex = 0; path = "HW37-Tsvimify-Collaboration.app"; sourceTree = BUILT_PRODUCTS_DIR; };
		B209C6A02C18E93A003C53D3 /* HW37_Tsvimify_CollaborationApp.swift */ = {isa = PBXFileReference; lastKnownFileType = sourcecode.swift; path = HW37_Tsvimify_CollaborationApp.swift; sourceTree = "<group>"; };
		B209C6A22C18E93A003C53D3 /* WeatherViewController.swift */ = {isa = PBXFileReference; lastKnownFileType = sourcecode.swift; path = WeatherViewController.swift; sourceTree = "<group>"; };
		B209C6A42C18E93D003C53D3 /* Assets.xcassets */ = {isa = PBXFileReference; lastKnownFileType = folder.assetcatalog; path = Assets.xcassets; sourceTree = "<group>"; };
		B209C6A72C18E93D003C53D3 /* Preview Assets.xcassets */ = {isa = PBXFileReference; lastKnownFileType = folder.assetcatalog; path = "Preview Assets.xcassets"; sourceTree = "<group>"; };
		B209C6B02C18ED27003C53D3 /* WeatherViewModel.swift */ = {isa = PBXFileReference; lastKnownFileType = sourcecode.swift; path = WeatherViewModel.swift; sourceTree = "<group>"; };
		B209C6B32C18F047003C53D3 /* LocationAddViewController.swift */ = {isa = PBXFileReference; lastKnownFileType = sourcecode.swift; path = LocationAddViewController.swift; sourceTree = "<group>"; };
		B209C6B52C18F059003C53D3 /* LocationAddViewModel.swift */ = {isa = PBXFileReference; lastKnownFileType = sourcecode.swift; path = LocationAddViewModel.swift; sourceTree = "<group>"; };
		B209C6B82C18F25D003C53D3 /* LocationsModel.swift */ = {isa = PBXFileReference; lastKnownFileType = sourcecode.swift; path = LocationsModel.swift; sourceTree = "<group>"; };
		B209C6C02C19118C003C53D3 /* CurrentWeatherModel.swift */ = {isa = PBXFileReference; lastKnownFileType = sourcecode.swift; path = CurrentWeatherModel.swift; sourceTree = "<group>"; };
/* End PBXFileReference section */

/* Begin PBXFrameworksBuildPhase section */
		B209C69A2C18E93A003C53D3 /* Frameworks */ = {
			isa = PBXFrameworksBuildPhase;
			buildActionMask = 2147483647;
			files = (
				B209C6BE2C18F2D0003C53D3 /* NetworkPackage in Frameworks */,
			);
			runOnlyForDeploymentPostprocessing = 0;
		};
/* End PBXFrameworksBuildPhase section */

/* Begin PBXGroup section */
		261469492C19303600AE6315 /* Backgrounds */ = {
			isa = PBXGroup;
			children = (
				2614694A2C19317200AE6315 /* RainyAndSnowyBackground.swift */,
			);
			path = Backgrounds;
			sourceTree = "<group>";
		};
		2614694C2C1931C200AE6315 /* ParticeFiles */ = {
			isa = PBXGroup;
			children = (
				262148072C1918F20040E546 /* RainFall.sks */,
				262148132C191EB10040E546 /* CloudsLarge.sks */,
				262148152C1924360040E546 /* CloudsMini.sks */,
				261469522C19331000AE6315 /* SnowFall.sks */,
			);
			path = ParticeFiles;
			sourceTree = "<group>";
		};
		2614694D2C1931F200AE6315 /* SpriteClasses */ = {
			isa = PBXGroup;
			children = (
				2614694E2C19321500AE6315 /* RainAndSnowAnimations.swift */,
				261469502C19323C00AE6315 /* CloudsAnimation.swift */,
			);
			path = SpriteClasses;
			sourceTree = "<group>";
		};
		262148062C1918BF0040E546 /* SpriteKitFiles */ = {
			isa = PBXGroup;
			children = (
				2614694D2C1931F200AE6315 /* SpriteClasses */,
				2614694C2C1931C200AE6315 /* ParticeFiles */,
			);
			path = SpriteKitFiles;
			sourceTree = "<group>";
		};
		262148172C192B760040E546 /* CustomViews */ = {
			isa = PBXGroup;
			children = (
				262148182C192B890040E546 /* AdaptiveImage.swift */,
			);
			path = CustomViews;
			sourceTree = "<group>";
		};
		B209C6942C18E93A003C53D3 = {
			isa = PBXGroup;
			children = (
				B209C69F2C18E93A003C53D3 /* HW37-Tsvimify-Collaboration */,
				B209C69E2C18E93A003C53D3 /* Products */,
			);
			sourceTree = "<group>";
		};
		B209C69E2C18E93A003C53D3 /* Products */ = {
			isa = PBXGroup;
			children = (
				B209C69D2C18E93A003C53D3 /* HW37-Tsvimify-Collaboration.app */,
			);
			name = Products;
			sourceTree = "<group>";
		};
		B209C69F2C18E93A003C53D3 /* HW37-Tsvimify-Collaboration */ = {
			isa = PBXGroup;
			children = (
				B209C6A02C18E93A003C53D3 /* HW37_Tsvimify_CollaborationApp.swift */,
				262148062C1918BF0040E546 /* SpriteKitFiles */,
				262148172C192B760040E546 /* CustomViews */,
				261469492C19303600AE6315 /* Backgrounds */,
				B209C6BA2C18F26A003C53D3 /* Models */,
				B209C6AE2C18ECDF003C53D3 /* Scenes */,
				B209C6AF2C18ECF0003C53D3 /* Assets */,
				B209C6A62C18E93D003C53D3 /* Preview Content */,
			);
			path = "HW37-Tsvimify-Collaboration";
			sourceTree = "<group>";
		};
		B209C6A62C18E93D003C53D3 /* Preview Content */ = {
			isa = PBXGroup;
			children = (
				B209C6A72C18E93D003C53D3 /* Preview Assets.xcassets */,
			);
			path = "Preview Content";
			sourceTree = "<group>";
		};
		B209C6AE2C18ECDF003C53D3 /* Scenes */ = {
			isa = PBXGroup;
			children = (
				B209C6B22C18F008003C53D3 /* WeatherViewPage */,
				B209C6BF2C18F5D4003C53D3 /* LocationAddViewPage */,
			);
			path = Scenes;
			sourceTree = "<group>";
		};
		B209C6AF2C18ECF0003C53D3 /* Assets */ = {
			isa = PBXGroup;
			children = (
				B209C6A42C18E93D003C53D3 /* Assets.xcassets */,
			);
			path = Assets;
			sourceTree = "<group>";
		};
		B209C6B22C18F008003C53D3 /* WeatherViewPage */ = {
			isa = PBXGroup;
			children = (
				B209C6A22C18E93A003C53D3 /* WeatherViewController.swift */,
				B209C6B02C18ED27003C53D3 /* WeatherViewModel.swift */,
			);
			path = WeatherViewPage;
			sourceTree = "<group>";
		};
		B209C6B72C18F0C9003C53D3 /* WeatherResponseModel */ = {
			isa = PBXGroup;
			children = (
				B209C6C02C19118C003C53D3 /* CurrentWeatherModel.swift */,
			);
			path = WeatherResponseModel;
			sourceTree = "<group>";
		};
		B209C6BA2C18F26A003C53D3 /* Models */ = {
			isa = PBXGroup;
			children = (
				B209C6B72C18F0C9003C53D3 /* WeatherResponseModel */,
				B209C6BB2C18F279003C53D3 /* LocationsResponseModel */,
			);
			path = Models;
			sourceTree = "<group>";
		};
		B209C6BB2C18F279003C53D3 /* LocationsResponseModel */ = {
			isa = PBXGroup;
			children = (
				B209C6B82C18F25D003C53D3 /* LocationsModel.swift */,
			);
			path = LocationsResponseModel;
			sourceTree = "<group>";
		};
		B209C6BF2C18F5D4003C53D3 /* LocationAddViewPage */ = {
			isa = PBXGroup;
			children = (
				B209C6B32C18F047003C53D3 /* LocationAddViewController.swift */,
				B209C6B52C18F059003C53D3 /* LocationAddViewModel.swift */,
			);
			path = LocationAddViewPage;
			sourceTree = "<group>";
		};
/* End PBXGroup section */

/* Begin PBXNativeTarget section */
		B209C69C2C18E93A003C53D3 /* HW37-Tsvimify-Collaboration */ = {
			isa = PBXNativeTarget;
			buildConfigurationList = B209C6AB2C18E93D003C53D3 /* Build configuration list for PBXNativeTarget "HW37-Tsvimify-Collaboration" */;
			buildPhases = (
				B209C6992C18E93A003C53D3 /* Sources */,
				B209C69A2C18E93A003C53D3 /* Frameworks */,
				B209C69B2C18E93A003C53D3 /* Resources */,
			);
			buildRules = (
			);
			dependencies = (
			);
			name = "HW37-Tsvimify-Collaboration";
			packageProductDependencies = (
				B209C6BD2C18F2D0003C53D3 /* NetworkPackage */,
			);
			productName = "HW37-Tsvimify-Collaboration";
			productReference = B209C69D2C18E93A003C53D3 /* HW37-Tsvimify-Collaboration.app */;
			productType = "com.apple.product-type.application";
		};
/* End PBXNativeTarget section */

/* Begin PBXProject section */
		B209C6952C18E93A003C53D3 /* Project object */ = {
			isa = PBXProject;
			attributes = {
				BuildIndependentTargetsInParallel = 1;
				LastSwiftUpdateCheck = 1520;
				LastUpgradeCheck = 1520;
				TargetAttributes = {
					B209C69C2C18E93A003C53D3 = {
						CreatedOnToolsVersion = 15.2;
					};
				};
			};
			buildConfigurationList = B209C6982C18E93A003C53D3 /* Build configuration list for PBXProject "HW37-Tsvimify-Collaboration" */;
			compatibilityVersion = "Xcode 14.0";
			developmentRegion = en;
			hasScannedForEncodings = 0;
			knownRegions = (
				en,
				Base,
			);
			mainGroup = B209C6942C18E93A003C53D3;
			packageReferences = (
				B209C6BC2C18F2D0003C53D3 /* XCRemoteSwiftPackageReference "NetworkPackage" */,
			);
			productRefGroup = B209C69E2C18E93A003C53D3 /* Products */;
			projectDirPath = "";
			projectRoot = "";
			targets = (
				B209C69C2C18E93A003C53D3 /* HW37-Tsvimify-Collaboration */,
			);
		};
/* End PBXProject section */

/* Begin PBXResourcesBuildPhase section */
		B209C69B2C18E93A003C53D3 /* Resources */ = {
			isa = PBXResourcesBuildPhase;
			buildActionMask = 2147483647;
			files = (
				B209C6A82C18E93D003C53D3 /* Preview Assets.xcassets in Resources */,
				262148092C1918F20040E546 /* RainFall.sks in Resources */,
				262148142C191EB10040E546 /* CloudsLarge.sks in Resources */,
				262148162C1924360040E546 /* CloudsMini.sks in Resources */,
				261469532C19331100AE6315 /* SnowFall.sks in Resources */,
				B209C6A52C18E93D003C53D3 /* Assets.xcassets in Resources */,
			);
			runOnlyForDeploymentPostprocessing = 0;
		};
/* End PBXResourcesBuildPhase section */

/* Begin PBXSourcesBuildPhase section */
		B209C6992C18E93A003C53D3 /* Sources */ = {
			isa = PBXSourcesBuildPhase;
			buildActionMask = 2147483647;
			files = (
				2614694F2C19321500AE6315 /* RainAndSnowAnimations.swift in Sources */,
				B209C6A32C18E93A003C53D3 /* WeatherViewController.swift in Sources */,
				261469512C19323C00AE6315 /* CloudsAnimation.swift in Sources */,
				B209C6B62C18F059003C53D3 /* LocationAddViewModel.swift in Sources */,
				B209C6C12C19118C003C53D3 /* CurrentWeatherModel.swift in Sources */,
				2614694B2C19317200AE6315 /* RainyAndSnowyBackground.swift in Sources */,
				B209C6B92C18F25D003C53D3 /* LocationsModel.swift in Sources */,
				B209C6B12C18ED27003C53D3 /* WeatherViewModel.swift in Sources */,
				B209C6A12C18E93A003C53D3 /* HW37_Tsvimify_CollaborationApp.swift in Sources */,
				B209C6B42C18F047003C53D3 /* LocationAddViewController.swift in Sources */,
				262148192C192B890040E546 /* AdaptiveImage.swift in Sources */,
			);
			runOnlyForDeploymentPostprocessing = 0;
		};
/* End PBXSourcesBuildPhase section */

/* Begin XCBuildConfiguration section */
		B209C6A92C18E93D003C53D3 /* Debug */ = {
			isa = XCBuildConfiguration;
			buildSettings = {
				ALWAYS_SEARCH_USER_PATHS = NO;
				ASSETCATALOG_COMPILER_GENERATE_SWIFT_ASSET_SYMBOL_EXTENSIONS = YES;
				CLANG_ANALYZER_NONNULL = YES;
				CLANG_ANALYZER_NUMBER_OBJECT_CONVERSION = YES_AGGRESSIVE;
				CLANG_CXX_LANGUAGE_STANDARD = "gnu++20";
				CLANG_ENABLE_MODULES = YES;
				CLANG_ENABLE_OBJC_ARC = YES;
				CLANG_ENABLE_OBJC_WEAK = YES;
				CLANG_WARN_BLOCK_CAPTURE_AUTORELEASING = YES;
				CLANG_WARN_BOOL_CONVERSION = YES;
				CLANG_WARN_COMMA = YES;
				CLANG_WARN_CONSTANT_CONVERSION = YES;
				CLANG_WARN_DEPRECATED_OBJC_IMPLEMENTATIONS = YES;
				CLANG_WARN_DIRECT_OBJC_ISA_USAGE = YES_ERROR;
				CLANG_WARN_DOCUMENTATION_COMMENTS = YES;
				CLANG_WARN_EMPTY_BODY = YES;
				CLANG_WARN_ENUM_CONVERSION = YES;
				CLANG_WARN_INFINITE_RECURSION = YES;
				CLANG_WARN_INT_CONVERSION = YES;
				CLANG_WARN_NON_LITERAL_NULL_CONVERSION = YES;
				CLANG_WARN_OBJC_IMPLICIT_RETAIN_SELF = YES;
				CLANG_WARN_OBJC_LITERAL_CONVERSION = YES;
				CLANG_WARN_OBJC_ROOT_CLASS = YES_ERROR;
				CLANG_WARN_QUOTED_INCLUDE_IN_FRAMEWORK_HEADER = YES;
				CLANG_WARN_RANGE_LOOP_ANALYSIS = YES;
				CLANG_WARN_STRICT_PROTOTYPES = YES;
				CLANG_WARN_SUSPICIOUS_MOVE = YES;
				CLANG_WARN_UNGUARDED_AVAILABILITY = YES_AGGRESSIVE;
				CLANG_WARN_UNREACHABLE_CODE = YES;
				CLANG_WARN__DUPLICATE_METHOD_MATCH = YES;
				COPY_PHASE_STRIP = NO;
				DEBUG_INFORMATION_FORMAT = dwarf;
				ENABLE_STRICT_OBJC_MSGSEND = YES;
				ENABLE_TESTABILITY = YES;
				ENABLE_USER_SCRIPT_SANDBOXING = YES;
				GCC_C_LANGUAGE_STANDARD = gnu17;
				GCC_DYNAMIC_NO_PIC = NO;
				GCC_NO_COMMON_BLOCKS = YES;
				GCC_OPTIMIZATION_LEVEL = 0;
				GCC_PREPROCESSOR_DEFINITIONS = (
					"DEBUG=1",
					"$(inherited)",
				);
				GCC_WARN_64_TO_32_BIT_CONVERSION = YES;
				GCC_WARN_ABOUT_RETURN_TYPE = YES_ERROR;
				GCC_WARN_UNDECLARED_SELECTOR = YES;
				GCC_WARN_UNINITIALIZED_AUTOS = YES_AGGRESSIVE;
				GCC_WARN_UNUSED_FUNCTION = YES;
				GCC_WARN_UNUSED_VARIABLE = YES;
				IPHONEOS_DEPLOYMENT_TARGET = 17.2;
				LOCALIZATION_PREFERS_STRING_CATALOGS = YES;
				MTL_ENABLE_DEBUG_INFO = INCLUDE_SOURCE;
				MTL_FAST_MATH = YES;
				ONLY_ACTIVE_ARCH = YES;
				SDKROOT = iphoneos;
				SWIFT_ACTIVE_COMPILATION_CONDITIONS = "DEBUG $(inherited)";
				SWIFT_OPTIMIZATION_LEVEL = "-Onone";
			};
			name = Debug;
		};
		B209C6AA2C18E93D003C53D3 /* Release */ = {
			isa = XCBuildConfiguration;
			buildSettings = {
				ALWAYS_SEARCH_USER_PATHS = NO;
				ASSETCATALOG_COMPILER_GENERATE_SWIFT_ASSET_SYMBOL_EXTENSIONS = YES;
				CLANG_ANALYZER_NONNULL = YES;
				CLANG_ANALYZER_NUMBER_OBJECT_CONVERSION = YES_AGGRESSIVE;
				CLANG_CXX_LANGUAGE_STANDARD = "gnu++20";
				CLANG_ENABLE_MODULES = YES;
				CLANG_ENABLE_OBJC_ARC = YES;
				CLANG_ENABLE_OBJC_WEAK = YES;
				CLANG_WARN_BLOCK_CAPTURE_AUTORELEASING = YES;
				CLANG_WARN_BOOL_CONVERSION = YES;
				CLANG_WARN_COMMA = YES;
				CLANG_WARN_CONSTANT_CONVERSION = YES;
				CLANG_WARN_DEPRECATED_OBJC_IMPLEMENTATIONS = YES;
				CLANG_WARN_DIRECT_OBJC_ISA_USAGE = YES_ERROR;
				CLANG_WARN_DOCUMENTATION_COMMENTS = YES;
				CLANG_WARN_EMPTY_BODY = YES;
				CLANG_WARN_ENUM_CONVERSION = YES;
				CLANG_WARN_INFINITE_RECURSION = YES;
				CLANG_WARN_INT_CONVERSION = YES;
				CLANG_WARN_NON_LITERAL_NULL_CONVERSION = YES;
				CLANG_WARN_OBJC_IMPLICIT_RETAIN_SELF = YES;
				CLANG_WARN_OBJC_LITERAL_CONVERSION = YES;
				CLANG_WARN_OBJC_ROOT_CLASS = YES_ERROR;
				CLANG_WARN_QUOTED_INCLUDE_IN_FRAMEWORK_HEADER = YES;
				CLANG_WARN_RANGE_LOOP_ANALYSIS = YES;
				CLANG_WARN_STRICT_PROTOTYPES = YES;
				CLANG_WARN_SUSPICIOUS_MOVE = YES;
				CLANG_WARN_UNGUARDED_AVAILABILITY = YES_AGGRESSIVE;
				CLANG_WARN_UNREACHABLE_CODE = YES;
				CLANG_WARN__DUPLICATE_METHOD_MATCH = YES;
				COPY_PHASE_STRIP = NO;
				DEBUG_INFORMATION_FORMAT = "dwarf-with-dsym";
				ENABLE_NS_ASSERTIONS = NO;
				ENABLE_STRICT_OBJC_MSGSEND = YES;
				ENABLE_USER_SCRIPT_SANDBOXING = YES;
				GCC_C_LANGUAGE_STANDARD = gnu17;
				GCC_NO_COMMON_BLOCKS = YES;
				GCC_WARN_64_TO_32_BIT_CONVERSION = YES;
				GCC_WARN_ABOUT_RETURN_TYPE = YES_ERROR;
				GCC_WARN_UNDECLARED_SELECTOR = YES;
				GCC_WARN_UNINITIALIZED_AUTOS = YES_AGGRESSIVE;
				GCC_WARN_UNUSED_FUNCTION = YES;
				GCC_WARN_UNUSED_VARIABLE = YES;
				IPHONEOS_DEPLOYMENT_TARGET = 17.2;
				LOCALIZATION_PREFERS_STRING_CATALOGS = YES;
				MTL_ENABLE_DEBUG_INFO = NO;
				MTL_FAST_MATH = YES;
				SDKROOT = iphoneos;
				SWIFT_COMPILATION_MODE = wholemodule;
				VALIDATE_PRODUCT = YES;
			};
			name = Release;
		};
		B209C6AC2C18E93D003C53D3 /* Debug */ = {
			isa = XCBuildConfiguration;
			buildSettings = {
				ASSETCATALOG_COMPILER_APPICON_NAME = AppIcon;
				ASSETCATALOG_COMPILER_GLOBAL_ACCENT_COLOR_NAME = AccentColor;
				CODE_SIGN_STYLE = Automatic;
				CURRENT_PROJECT_VERSION = 1;
				DEVELOPMENT_ASSET_PATHS = "\"HW37-Tsvimify-Collaboration/Preview Content\"";
				ENABLE_PREVIEWS = YES;
				GENERATE_INFOPLIST_FILE = YES;
				INFOPLIST_KEY_UIApplicationSceneManifest_Generation = YES;
				INFOPLIST_KEY_UIApplicationSupportsIndirectInputEvents = YES;
				INFOPLIST_KEY_UILaunchScreen_Generation = YES;
				INFOPLIST_KEY_UISupportedInterfaceOrientations_iPad = "UIInterfaceOrientationPortrait UIInterfaceOrientationPortraitUpsideDown UIInterfaceOrientationLandscapeLeft UIInterfaceOrientationLandscapeRight";
				INFOPLIST_KEY_UISupportedInterfaceOrientations_iPhone = "UIInterfaceOrientationPortrait UIInterfaceOrientationLandscapeLeft UIInterfaceOrientationLandscapeRight";
				LD_RUNPATH_SEARCH_PATHS = (
					"$(inherited)",
					"@executable_path/Frameworks",
				);
				MARKETING_VERSION = 1.0;
				PRODUCT_BUNDLE_IDENTIFIER = "ge.TBCAcademy.HW37-Tsvimify-Collaboration";
				PRODUCT_NAME = "$(TARGET_NAME)";
				SWIFT_EMIT_LOC_STRINGS = YES;
				SWIFT_VERSION = 5.0;
				TARGETED_DEVICE_FAMILY = "1,2";
			};
			name = Debug;
		};
		B209C6AD2C18E93D003C53D3 /* Release */ = {
			isa = XCBuildConfiguration;
			buildSettings = {
				ASSETCATALOG_COMPILER_APPICON_NAME = AppIcon;
				ASSETCATALOG_COMPILER_GLOBAL_ACCENT_COLOR_NAME = AccentColor;
				CODE_SIGN_STYLE = Automatic;
				CURRENT_PROJECT_VERSION = 1;
				DEVELOPMENT_ASSET_PATHS = "\"HW37-Tsvimify-Collaboration/Preview Content\"";
				ENABLE_PREVIEWS = YES;
				GENERATE_INFOPLIST_FILE = YES;
				INFOPLIST_KEY_UIApplicationSceneManifest_Generation = YES;
				INFOPLIST_KEY_UIApplicationSupportsIndirectInputEvents = YES;
				INFOPLIST_KEY_UILaunchScreen_Generation = YES;
				INFOPLIST_KEY_UISupportedInterfaceOrientations_iPad = "UIInterfaceOrientationPortrait UIInterfaceOrientationPortraitUpsideDown UIInterfaceOrientationLandscapeLeft UIInterfaceOrientationLandscapeRight";
				INFOPLIST_KEY_UISupportedInterfaceOrientations_iPhone = "UIInterfaceOrientationPortrait UIInterfaceOrientationLandscapeLeft UIInterfaceOrientationLandscapeRight";
				LD_RUNPATH_SEARCH_PATHS = (
					"$(inherited)",
					"@executable_path/Frameworks",
				);
				MARKETING_VERSION = 1.0;
				PRODUCT_BUNDLE_IDENTIFIER = "ge.TBCAcademy.HW37-Tsvimify-Collaboration";
				PRODUCT_NAME = "$(TARGET_NAME)";
				SWIFT_EMIT_LOC_STRINGS = YES;
				SWIFT_VERSION = 5.0;
				TARGETED_DEVICE_FAMILY = "1,2";
			};
			name = Release;
		};
/* End XCBuildConfiguration section */

/* Begin XCConfigurationList section */
		B209C6982C18E93A003C53D3 /* Build configuration list for PBXProject "HW37-Tsvimify-Collaboration" */ = {
			isa = XCConfigurationList;
			buildConfigurations = (
				B209C6A92C18E93D003C53D3 /* Debug */,
				B209C6AA2C18E93D003C53D3 /* Release */,
			);
			defaultConfigurationIsVisible = 0;
			defaultConfigurationName = Release;
		};
		B209C6AB2C18E93D003C53D3 /* Build configuration list for PBXNativeTarget "HW37-Tsvimify-Collaboration" */ = {
			isa = XCConfigurationList;
			buildConfigurations = (
				B209C6AC2C18E93D003C53D3 /* Debug */,
				B209C6AD2C18E93D003C53D3 /* Release */,
			);
			defaultConfigurationIsVisible = 0;
			defaultConfigurationName = Release;
		};
/* End XCConfigurationList section */

/* Begin XCRemoteSwiftPackageReference section */
		B209C6BC2C18F2D0003C53D3 /* XCRemoteSwiftPackageReference "NetworkPackage" */ = {
			isa = XCRemoteSwiftPackageReference;
			repositoryURL = "https://github.com/Tornike222/NetworkPackage";
			requirement = {
				branch = V1.1.0;
				kind = branch;
			};
		};
/* End XCRemoteSwiftPackageReference section */

/* Begin XCSwiftPackageProductDependency section */
		B209C6BD2C18F2D0003C53D3 /* NetworkPackage */ = {
			isa = XCSwiftPackageProductDependency;
			package = B209C6BC2C18F2D0003C53D3 /* XCRemoteSwiftPackageReference "NetworkPackage" */;
			productName = NetworkPackage;
		};
/* End XCSwiftPackageProductDependency section */
	};
	rootObject = B209C6952C18E93A003C53D3 /* Project object */;
}
