{
  "originHash" : "86a1fe2529cf1fa4c78da47db090352271cef7e38f70e8e8919e06a9f4ae6dc4",
  "pins" : [
    {
      "identity" : "networkpackage",
      "kind" : "remoteSourceControl",
      "location" : "https://github.com/Tornike222/NetworkPackage",
      "state" : {
        "branch" : "V1.1.0",
        "revision" : "2381315b67ab34b1eecc9b4fc3b8fcbcd8437d53"
      }
    }
  ],
  "version" : 3
}
